// !$*UTF8*$!
{
	archiveVersion = 1;
	classes = {
	};
	objectVersion = 46;
	objects = {

/* Begin PBXBuildFile section */
		33653E731E9EDFD5007523F7 /* AppDelegate.swift in Sources */ = {isa = PBXBuildFile; fileRef = 33653E721E9EDFD5007523F7 /* AppDelegate.swift */; };
		33653E751E9EDFD5007523F7 /* ViewController.swift in Sources */ = {isa = PBXBuildFile; fileRef = 33653E741E9EDFD5007523F7 /* ViewController.swift */; };
		33653E781E9EDFD5007523F7 /* Main.storyboard in Resources */ = {isa = PBXBuildFile; fileRef = 33653E761E9EDFD5007523F7 /* Main.storyboard */; };
		33653E7A1E9EDFD5007523F7 /* Assets.xcassets in Resources */ = {isa = PBXBuildFile; fileRef = 33653E791E9EDFD5007523F7 /* Assets.xcassets */; };
		33653E7D1E9EDFD5007523F7 /* LaunchScreen.storyboard in Resources */ = {isa = PBXBuildFile; fileRef = 33653E7B1E9EDFD5007523F7 /* LaunchScreen.storyboard */; };
		3393D8261EA1519B00D8C7B7 /* QuestionsListScreenTableViewCell.swift in Sources */ = {isa = PBXBuildFile; fileRef = 3393D8251EA1519B00D8C7B7 /* QuestionsListScreenTableViewCell.swift */; };
		3393D8291EA1897A00D8C7B7 /* DetailsScreenViewController.swift in Sources */ = {isa = PBXBuildFile; fileRef = 3393D8281EA1897A00D8C7B7 /* DetailsScreenViewController.swift */; };
		339FCB3D1E9F7B3E00DB84C3 /* LoadingScreenViewController.swift in Sources */ = {isa = PBXBuildFile; fileRef = 339FCB3C1E9F7B3D00DB84C3 /* LoadingScreenViewController.swift */; };
		339FCB401E9F994700DB84C3 /* HealthBlissAPI.swift in Sources */ = {isa = PBXBuildFile; fileRef = 339FCB3F1E9F994700DB84C3 /* HealthBlissAPI.swift */; };
		339FCB441EA02CF700DB84C3 /* QuestionsListScreenTableViewController.swift in Sources */ = {isa = PBXBuildFile; fileRef = 339FCB431EA02CF700DB84C3 /* QuestionsListScreenTableViewController.swift */; };
		339FCB491EA0BC1600DB84C3 /* Questions.swift in Sources */ = {isa = PBXBuildFile; fileRef = 339FCB481EA0BC1600DB84C3 /* Questions.swift */; };
		33BD41A81EA2B28B004505B5 /* DetailsScreenTableViewCell.swift in Sources */ = {isa = PBXBuildFile; fileRef = 33BD41A71EA2B28B004505B5 /* DetailsScreenTableViewCell.swift */; };
		33FBAAF01EA25A93006F5A6F /* LoadingIndicatorView.swift in Sources */ = {isa = PBXBuildFile; fileRef = 33FBAAEF1EA25A93006F5A6F /* LoadingIndicatorView.swift */; };
		33FBAAF21EA26142006F5A6F /* Network.swift in Sources */ = {isa = PBXBuildFile; fileRef = 33FBAAF11EA26142006F5A6F /* Network.swift */; };
		B52D4630684331B4E6481D2A /* Pods_BlissRecruitment.framework in Frameworks */ = {isa = PBXBuildFile; fileRef = F12087BFD348AFCEA3EB9484 /* Pods_BlissRecruitment.framework */; };
/* End PBXBuildFile section */

/* Begin PBXFileReference section */
		21C0014530855D53E061040F /* Pods-BlissRecruitment.release.xcconfig */ = {isa = PBXFileReference; includeInIndex = 1; lastKnownFileType = text.xcconfig; name = "Pods-BlissRecruitment.release.xcconfig"; path = "Pods/Target Support Files/Pods-BlissRecruitment/Pods-BlissRecruitment.release.xcconfig"; sourceTree = "<group>"; };
		33653E6F1E9EDFD5007523F7 /* BlissRecruitment.app */ = {isa = PBXFileReference; explicitFileType = wrapper.application; includeInIndex = 0; path = BlissRecruitment.app; sourceTree = BUILT_PRODUCTS_DIR; };
		33653E721E9EDFD5007523F7 /* AppDelegate.swift */ = {isa = PBXFileReference; lastKnownFileType = sourcecode.swift; path = AppDelegate.swift; sourceTree = "<group>"; };
		33653E741E9EDFD5007523F7 /* ViewController.swift */ = {isa = PBXFileReference; lastKnownFileType = sourcecode.swift; path = ViewController.swift; sourceTree = "<group>"; };
		33653E771E9EDFD5007523F7 /* Base */ = {isa = PBXFileReference; lastKnownFileType = file.storyboard; name = Base; path = Base.lproj/Main.storyboard; sourceTree = "<group>"; };
		33653E791E9EDFD5007523F7 /* Assets.xcassets */ = {isa = PBXFileReference; lastKnownFileType = folder.assetcatalog; path = Assets.xcassets; sourceTree = "<group>"; };
		33653E7C1E9EDFD5007523F7 /* Base */ = {isa = PBXFileReference; lastKnownFileType = file.storyboard; name = Base; path = Base.lproj/LaunchScreen.storyboard; sourceTree = "<group>"; };
		33653E7E1E9EDFD5007523F7 /* Info.plist */ = {isa = PBXFileReference; lastKnownFileType = text.plist.xml; path = Info.plist; sourceTree = "<group>"; };
		3393D8251EA1519B00D8C7B7 /* QuestionsListScreenTableViewCell.swift */ = {isa = PBXFileReference; fileEncoding = 4; lastKnownFileType = sourcecode.swift; path = QuestionsListScreenTableViewCell.swift; sourceTree = "<group>"; };
		3393D8281EA1897A00D8C7B7 /* DetailsScreenViewController.swift */ = {isa = PBXFileReference; fileEncoding = 4; lastKnownFileType = sourcecode.swift; path = DetailsScreenViewController.swift; sourceTree = "<group>"; };
		339FCB3C1E9F7B3D00DB84C3 /* LoadingScreenViewController.swift */ = {isa = PBXFileReference; fileEncoding = 4; lastKnownFileType = sourcecode.swift; path = LoadingScreenViewController.swift; sourceTree = "<group>"; };
		339FCB3F1E9F994700DB84C3 /* HealthBlissAPI.swift */ = {isa = PBXFileReference; fileEncoding = 4; lastKnownFileType = sourcecode.swift; path = HealthBlissAPI.swift; sourceTree = "<group>"; };
		339FCB431EA02CF700DB84C3 /* QuestionsListScreenTableViewController.swift */ = {isa = PBXFileReference; fileEncoding = 4; lastKnownFileType = sourcecode.swift; path = QuestionsListScreenTableViewController.swift; sourceTree = "<group>"; };
		339FCB481EA0BC1600DB84C3 /* Questions.swift */ = {isa = PBXFileReference; fileEncoding = 4; lastKnownFileType = sourcecode.swift; path = Questions.swift; sourceTree = "<group>"; };
		33BD41A71EA2B28B004505B5 /* DetailsScreenTableViewCell.swift */ = {isa = PBXFileReference; fileEncoding = 4; lastKnownFileType = sourcecode.swift; path = DetailsScreenTableViewCell.swift; sourceTree = "<group>"; };
		33FBAAEF1EA25A93006F5A6F /* LoadingIndicatorView.swift */ = {isa = PBXFileReference; fileEncoding = 4; lastKnownFileType = sourcecode.swift; path = LoadingIndicatorView.swift; sourceTree = "<group>"; };
		33FBAAF11EA26142006F5A6F /* Network.swift */ = {isa = PBXFileReference; fileEncoding = 4; lastKnownFileType = sourcecode.swift; path = Network.swift; sourceTree = "<group>"; };
		8CBAACE07966D73571233B4A /* Pods-BlissRecruitment.debug.xcconfig */ = {isa = PBXFileReference; includeInIndex = 1; lastKnownFileType = text.xcconfig; name = "Pods-BlissRecruitment.debug.xcconfig"; path = "Pods/Target Support Files/Pods-BlissRecruitment/Pods-BlissRecruitment.debug.xcconfig"; sourceTree = "<group>"; };
		F12087BFD348AFCEA3EB9484 /* Pods_BlissRecruitment.framework */ = {isa = PBXFileReference; explicitFileType = wrapper.framework; includeInIndex = 0; path = Pods_BlissRecruitment.framework; sourceTree = BUILT_PRODUCTS_DIR; };
/* End PBXFileReference section */

/* Begin PBXFrameworksBuildPhase section */
		33653E6C1E9EDFD5007523F7 /* Frameworks */ = {
			isa = PBXFrameworksBuildPhase;
			buildActionMask = 2147483647;
			files = (
				B52D4630684331B4E6481D2A /* Pods_BlissRecruitment.framework in Frameworks */,
			);
			runOnlyForDeploymentPostprocessing = 0;
		};
/* End PBXFrameworksBuildPhase section */

/* Begin PBXGroup section */
		33653E661E9EDFD5007523F7 = {
			isa = PBXGroup;
			children = (
				33653E711E9EDFD5007523F7 /* BlissRecruitment */,
				33653E701E9EDFD5007523F7 /* Products */,
				8F6FE0928ADF7D5D06A80453 /* Pods */,
				9599C1BCF0A25BB4455D2B5C /* Frameworks */,
			);
			sourceTree = "<group>";
		};
		33653E701E9EDFD5007523F7 /* Products */ = {
			isa = PBXGroup;
			children = (
				33653E6F1E9EDFD5007523F7 /* BlissRecruitment.app */,
			);
			name = Products;
			sourceTree = "<group>";
		};
		33653E711E9EDFD5007523F7 /* BlissRecruitment */ = {
			isa = PBXGroup;
			children = (
				339FCB451EA0313F00DB84C3 /* Classes */,
				339FCB3B1E9F7AFF00DB84C3 /* Controllers */,
				339FCB3A1E9F7AB600DB84C3 /* Models */,
				339FCB391E9F6BC800DB84C3 /* Assets */,
				339FCB381E9F6BB500DB84C3 /* StoryBoards */,
				33653E721E9EDFD5007523F7 /* AppDelegate.swift */,
				33653E741E9EDFD5007523F7 /* ViewController.swift */,
				33653E7E1E9EDFD5007523F7 /* Info.plist */,
			);
			path = BlissRecruitment;
			sourceTree = "<group>";
		};
		3393D8271EA188EE00D8C7B7 /* DetailScreen */ = {
			isa = PBXGroup;
			children = (
				3393D8281EA1897A00D8C7B7 /* DetailsScreenViewController.swift */,
				33BD41A71EA2B28B004505B5 /* DetailsScreenTableViewCell.swift */,
			);
			name = DetailScreen;
			sourceTree = "<group>";
		};
		339FCB381E9F6BB500DB84C3 /* StoryBoards */ = {
			isa = PBXGroup;
			children = (
				33653E7B1E9EDFD5007523F7 /* LaunchScreen.storyboard */,
				33653E761E9EDFD5007523F7 /* Main.storyboard */,
			);
			name = StoryBoards;
			sourceTree = "<group>";
		};
		339FCB391E9F6BC800DB84C3 /* Assets */ = {
			isa = PBXGroup;
			children = (
				33653E791E9EDFD5007523F7 /* Assets.xcassets */,
			);
			name = Assets;
			sourceTree = "<group>";
		};
		339FCB3A1E9F7AB600DB84C3 /* Models */ = {
			isa = PBXGroup;
			children = (
				339FCB3F1E9F994700DB84C3 /* HealthBlissAPI.swift */,
				339FCB481EA0BC1600DB84C3 /* Questions.swift */,
			);
			name = Models;
			sourceTree = "<group>";
		};
		339FCB3B1E9F7AFF00DB84C3 /* Controllers */ = {
			isa = PBXGroup;
			children = (
				3393D8271EA188EE00D8C7B7 /* DetailScreen */,
				339FCB411E9FFF8000DB84C3 /* LoadingScreen */,
				339FCB421EA0001800DB84C3 /* QuestionsListScreen */,
			);
			name = Controllers;
			sourceTree = "<group>";
		};
		339FCB411E9FFF8000DB84C3 /* LoadingScreen */ = {
			isa = PBXGroup;
			children = (
				339FCB3C1E9F7B3D00DB84C3 /* LoadingScreenViewController.swift */,
			);
			name = LoadingScreen;
			sourceTree = "<group>";
		};
		339FCB421EA0001800DB84C3 /* QuestionsListScreen */ = {
			isa = PBXGroup;
			children = (
				339FCB431EA02CF700DB84C3 /* QuestionsListScreenTableViewController.swift */,
				3393D8251EA1519B00D8C7B7 /* QuestionsListScreenTableViewCell.swift */,
			);
			name = QuestionsListScreen;
			sourceTree = "<group>";
		};
		339FCB451EA0313F00DB84C3 /* Classes */ = {
			isa = PBXGroup;
			children = (
				33FBAAEF1EA25A93006F5A6F /* LoadingIndicatorView.swift */,
				33FBAAF11EA26142006F5A6F /* Network.swift */,
			);
			name = Classes;
			sourceTree = "<group>";
		};
		8F6FE0928ADF7D5D06A80453 /* Pods */ = {
			isa = PBXGroup;
			children = (
				8CBAACE07966D73571233B4A /* Pods-BlissRecruitment.debug.xcconfig */,
				21C0014530855D53E061040F /* Pods-BlissRecruitment.release.xcconfig */,
			);
			name = Pods;
			sourceTree = "<group>";
		};
		9599C1BCF0A25BB4455D2B5C /* Frameworks */ = {
			isa = PBXGroup;
			children = (
				F12087BFD348AFCEA3EB9484 /* Pods_BlissRecruitment.framework */,
			);
			name = Frameworks;
			sourceTree = "<group>";
		};
/* End PBXGroup section */

/* Begin PBXNativeTarget section */
		33653E6E1E9EDFD5007523F7 /* BlissRecruitment */ = {
			isa = PBXNativeTarget;
			buildConfigurationList = 33653E811E9EDFD5007523F7 /* Build configuration list for PBXNativeTarget "BlissRecruitment" */;
			buildPhases = (
				32458C678BF19279B4F10822 /* [CP] Check Pods Manifest.lock */,
				33653E6B1E9EDFD5007523F7 /* Sources */,
				33653E6C1E9EDFD5007523F7 /* Frameworks */,
				33653E6D1E9EDFD5007523F7 /* Resources */,
				8887B2E78E5B021EBFCB7882 /* [CP] Embed Pods Frameworks */,
				4024D74CF9562D558F22600C /* [CP] Copy Pods Resources */,
			);
			buildRules = (
			);
			dependencies = (
			);
			name = BlissRecruitment;
			productName = BlissRecruitment;
			productReference = 33653E6F1E9EDFD5007523F7 /* BlissRecruitment.app */;
			productType = "com.apple.product-type.application";
		};
/* End PBXNativeTarget section */

/* Begin PBXProject section */
		33653E671E9EDFD5007523F7 /* Project object */ = {
			isa = PBXProject;
			attributes = {
				LastSwiftUpdateCheck = 0830;
				LastUpgradeCheck = 0830;
				ORGANIZATIONNAME = "António Pinto";
				TargetAttributes = {
					33653E6E1E9EDFD5007523F7 = {
						CreatedOnToolsVersion = 8.3.1;
						DevelopmentTeam = HJJH9TQH4B;
						ProvisioningStyle = Automatic;
					};
				};
			};
			buildConfigurationList = 33653E6A1E9EDFD5007523F7 /* Build configuration list for PBXProject "BlissRecruitment" */;
			compatibilityVersion = "Xcode 3.2";
			developmentRegion = English;
			hasScannedForEncodings = 0;
			knownRegions = (
				en,
				Base,
			);
			mainGroup = 33653E661E9EDFD5007523F7;
			productRefGroup = 33653E701E9EDFD5007523F7 /* Products */;
			projectDirPath = "";
			projectRoot = "";
			targets = (
				33653E6E1E9EDFD5007523F7 /* BlissRecruitment */,
			);
		};
/* End PBXProject section */

/* Begin PBXResourcesBuildPhase section */
		33653E6D1E9EDFD5007523F7 /* Resources */ = {
			isa = PBXResourcesBuildPhase;
			buildActionMask = 2147483647;
			files = (
				33653E7D1E9EDFD5007523F7 /* LaunchScreen.storyboard in Resources */,
				33653E7A1E9EDFD5007523F7 /* Assets.xcassets in Resources */,
				33653E781E9EDFD5007523F7 /* Main.storyboard in Resources */,
			);
			runOnlyForDeploymentPostprocessing = 0;
		};
/* End PBXResourcesBuildPhase section */

/* Begin PBXShellScriptBuildPhase section */
		32458C678BF19279B4F10822 /* [CP] Check Pods Manifest.lock */ = {
			isa = PBXShellScriptBuildPhase;
			buildActionMask = 2147483647;
			files = (
			);
			inputPaths = (
			);
			name = "[CP] Check Pods Manifest.lock";
			outputPaths = (
			);
			runOnlyForDeploymentPostprocessing = 0;
			shellPath = /bin/sh;
			shellScript = "diff \"${PODS_PODFILE_DIR_PATH}/Podfile.lock\" \"${PODS_ROOT}/Manifest.lock\" > /dev/null\nif [ $? != 0 ] ; then\n    # print error to STDERR\n    echo \"error: The sandbox is not in sync with the Podfile.lock. Run 'pod install' or update your CocoaPods installation.\" >&2\n    exit 1\nfi\n";
			showEnvVarsInLog = 0;
		};
		4024D74CF9562D558F22600C /* [CP] Copy Pods Resources */ = {
			isa = PBXShellScriptBuildPhase;
			buildActionMask = 2147483647;
			files = (
			);
			inputPaths = (
			);
			name = "[CP] Copy Pods Resources";
			outputPaths = (
			);
			runOnlyForDeploymentPostprocessing = 0;
			shellPath = /bin/sh;
			shellScript = "\"${SRCROOT}/Pods/Target Support Files/Pods-BlissRecruitment/Pods-BlissRecruitment-resources.sh\"\n";
			showEnvVarsInLog = 0;
		};
		8887B2E78E5B021EBFCB7882 /* [CP] Embed Pods Frameworks */ = {
			isa = PBXShellScriptBuildPhase;
			buildActionMask = 2147483647;
			files = (
			);
			inputPaths = (
			);
			name = "[CP] Embed Pods Frameworks";
			outputPaths = (
			);
			runOnlyForDeploymentPostprocessing = 0;
			shellPath = /bin/sh;
			shellScript = "\"${SRCROOT}/Pods/Target Support Files/Pods-BlissRecruitment/Pods-BlissRecruitment-frameworks.sh\"\n";
			showEnvVarsInLog = 0;
		};
/* End PBXShellScriptBuildPhase section */

/* Begin PBXSourcesBuildPhase section */
		33653E6B1E9EDFD5007523F7 /* Sources */ = {
			isa = PBXSourcesBuildPhase;
			buildActionMask = 2147483647;
			files = (
				33BD41A81EA2B28B004505B5 /* DetailsScreenTableViewCell.swift in Sources */,
				33FBAAF21EA26142006F5A6F /* Network.swift in Sources */,
				339FCB401E9F994700DB84C3 /* HealthBlissAPI.swift in Sources */,
				3393D8261EA1519B00D8C7B7 /* QuestionsListScreenTableViewCell.swift in Sources */,
				339FCB441EA02CF700DB84C3 /* QuestionsListScreenTableViewController.swift in Sources */,
				33FBAAF01EA25A93006F5A6F /* LoadingIndicatorView.swift in Sources */,
				3393D8291EA1897A00D8C7B7 /* DetailsScreenViewController.swift in Sources */,
				33653E751E9EDFD5007523F7 /* ViewController.swift in Sources */,
				339FCB491EA0BC1600DB84C3 /* Questions.swift in Sources */,
				33653E731E9EDFD5007523F7 /* AppDelegate.swift in Sources */,
				339FCB3D1E9F7B3E00DB84C3 /* LoadingScreenViewController.swift in Sources */,
			);
			runOnlyForDeploymentPostprocessing = 0;
		};
/* End PBXSourcesBuildPhase section */

/* Begin PBXVariantGroup section */
		33653E761E9EDFD5007523F7 /* Main.storyboard */ = {
			isa = PBXVariantGroup;
			children = (
				33653E771E9EDFD5007523F7 /* Base */,
			);
			name = Main.storyboard;
			sourceTree = "<group>";
		};
		33653E7B1E9EDFD5007523F7 /* LaunchScreen.storyboard */ = {
			isa = PBXVariantGroup;
			children = (
				33653E7C1E9EDFD5007523F7 /* Base */,
			);
			name = LaunchScreen.storyboard;
			sourceTree = "<group>";
		};
/* End PBXVariantGroup section */

/* Begin XCBuildConfiguration section */
		33653E7F1E9EDFD5007523F7 /* Debug */ = {
			isa = XCBuildConfiguration;
			buildSettings = {
				ALWAYS_SEARCH_USER_PATHS = NO;
				CLANG_ANALYZER_NONNULL = YES;
				CLANG_ANALYZER_NUMBER_OBJECT_CONVERSION = YES_AGGRESSIVE;
				CLANG_CXX_LANGUAGE_STANDARD = "gnu++0x";
				CLANG_CXX_LIBRARY = "libc++";
				CLANG_ENABLE_MODULES = YES;
				CLANG_ENABLE_OBJC_ARC = YES;
				CLANG_WARN_BOOL_CONVERSION = YES;
				CLANG_WARN_CONSTANT_CONVERSION = YES;
				CLANG_WARN_DIRECT_OBJC_ISA_USAGE = YES_ERROR;
				CLANG_WARN_DOCUMENTATION_COMMENTS = YES;
				CLANG_WARN_EMPTY_BODY = YES;
				CLANG_WARN_ENUM_CONVERSION = YES;
				CLANG_WARN_INFINITE_RECURSION = YES;
				CLANG_WARN_INT_CONVERSION = YES;
				CLANG_WARN_OBJC_ROOT_CLASS = YES_ERROR;
				CLANG_WARN_SUSPICIOUS_MOVE = YES;
				CLANG_WARN_UNREACHABLE_CODE = YES;
				CLANG_WARN__DUPLICATE_METHOD_MATCH = YES;
				"CODE_SIGN_IDENTITY[sdk=iphoneos*]" = "iPhone Developer";
				COPY_PHASE_STRIP = NO;
				DEBUG_INFORMATION_FORMAT = dwarf;
				ENABLE_STRICT_OBJC_MSGSEND = YES;
				ENABLE_TESTABILITY = YES;
				GCC_C_LANGUAGE_STANDARD = gnu99;
				GCC_DYNAMIC_NO_PIC = NO;
				GCC_NO_COMMON_BLOCKS = YES;
				GCC_OPTIMIZATION_LEVEL = 0;
				GCC_PREPROCESSOR_DEFINITIONS = (
					"DEBUG=1",
					"$(inherited)",
				);
				GCC_WARN_64_TO_32_BIT_CONVERSION = YES;
				GCC_WARN_ABOUT_RETURN_TYPE = YES_ERROR;
				GCC_WARN_UNDECLARED_SELECTOR = YES;
				GCC_WARN_UNINITIALIZED_AUTOS = YES_AGGRESSIVE;
				GCC_WARN_UNUSED_FUNCTION = YES;
				GCC_WARN_UNUSED_VARIABLE = YES;
				IPHONEOS_DEPLOYMENT_TARGET = 9.0;
				MTL_ENABLE_DEBUG_INFO = YES;
				ONLY_ACTIVE_ARCH = YES;
				SDKROOT = iphoneos;
				SWIFT_ACTIVE_COMPILATION_CONDITIONS = DEBUG;
				SWIFT_OPTIMIZATION_LEVEL = "-Onone";
				TARGETED_DEVICE_FAMILY = "1,2";
			};
			name = Debug;
		};
		33653E801E9EDFD5007523F7 /* Release */ = {
			isa = XCBuildConfiguration;
			buildSettings = {
				ALWAYS_SEARCH_USER_PATHS = NO;
				CLANG_ANALYZER_NONNULL = YES;
				CLANG_ANALYZER_NUMBER_OBJECT_CONVERSION = YES_AGGRESSIVE;
				CLANG_CXX_LANGUAGE_STANDARD = "gnu++0x";
				CLANG_CXX_LIBRARY = "libc++";
				CLANG_ENABLE_MODULES = YES;
				CLANG_ENABLE_OBJC_ARC = YES;
				CLANG_WARN_BOOL_CONVERSION = YES;
				CLANG_WARN_CONSTANT_CONVERSION = YES;
				CLANG_WARN_DIRECT_OBJC_ISA_USAGE = YES_ERROR;
				CLANG_WARN_DOCUMENTATION_COMMENTS = YES;
				CLANG_WARN_EMPTY_BODY = YES;
				CLANG_WARN_ENUM_CONVERSION = YES;
				CLANG_WARN_INFINITE_RECURSION = YES;
				CLANG_WARN_INT_CONVERSION = YES;
				CLANG_WARN_OBJC_ROOT_CLASS = YES_ERROR;
				CLANG_WARN_SUSPICIOUS_MOVE = YES;
				CLANG_WARN_UNREACHABLE_CODE = YES;
				CLANG_WARN__DUPLICATE_METHOD_MATCH = YES;
				"CODE_SIGN_IDENTITY[sdk=iphoneos*]" = "iPhone Developer";
				COPY_PHASE_STRIP = NO;
				DEBUG_INFORMATION_FORMAT = "dwarf-with-dsym";
				ENABLE_NS_ASSERTIONS = NO;
				ENABLE_STRICT_OBJC_MSGSEND = YES;
				GCC_C_LANGUAGE_STANDARD = gnu99;
				GCC_NO_COMMON_BLOCKS = YES;
				GCC_WARN_64_TO_32_BIT_CONVERSION = YES;
				GCC_WARN_ABOUT_RETURN_TYPE = YES_ERROR;
				GCC_WARN_UNDECLARED_SELECTOR = YES;
				GCC_WARN_UNINITIALIZED_AUTOS = YES_AGGRESSIVE;
				GCC_WARN_UNUSED_FUNCTION = YES;
				GCC_WARN_UNUSED_VARIABLE = YES;
				IPHONEOS_DEPLOYMENT_TARGET = 9.0;
				MTL_ENABLE_DEBUG_INFO = NO;
				SDKROOT = iphoneos;
				SWIFT_OPTIMIZATION_LEVEL = "-Owholemodule";
				TARGETED_DEVICE_FAMILY = "1,2";
				VALIDATE_PRODUCT = YES;
			};
			name = Release;
		};
		33653E821E9EDFD5007523F7 /* Debug */ = {
			isa = XCBuildConfiguration;
			baseConfigurationReference = 8CBAACE07966D73571233B4A /* Pods-BlissRecruitment.debug.xcconfig */;
			buildSettings = {
				ASSETCATALOG_COMPILER_APPICON_NAME = AppIcon;
				DEVELOPMENT_TEAM = HJJH9TQH4B;
				INFOPLIST_FILE = BlissRecruitment/Info.plist;
				LD_RUNPATH_SEARCH_PATHS = "$(inherited) @executable_path/Frameworks";
				PRODUCT_BUNDLE_IDENTIFIER = pt.apinto.BlissRecruitment;
				PRODUCT_NAME = "$(TARGET_NAME)";
				SWIFT_VERSION = 3.0;
			};
			name = Debug;
		};
		33653E831E9EDFD5007523F7 /* Release */ = {
			isa = XCBuildConfiguration;
			baseConfigurationReference = 21C0014530855D53E061040F /* Pods-BlissRecruitment.release.xcconfig */;
			buildSettings = {
				ASSETCATALOG_COMPILER_APPICON_NAME = AppIcon;
				DEVELOPMENT_TEAM = HJJH9TQH4B;
				INFOPLIST_FILE = BlissRecruitment/Info.plist;
				LD_RUNPATH_SEARCH_PATHS = "$(inherited) @executable_path/Frameworks";
				PRODUCT_BUNDLE_IDENTIFIER = pt.apinto.BlissRecruitment;
				PRODUCT_NAME = "$(TARGET_NAME)";
				SWIFT_VERSION = 3.0;
			};
			name = Release;
		};
/* End XCBuildConfiguration section */

/* Begin XCConfigurationList section */
		33653E6A1E9EDFD5007523F7 /* Build configuration list for PBXProject "BlissRecruitment" */ = {
			isa = XCConfigurationList;
			buildConfigurations = (
				33653E7F1E9EDFD5007523F7 /* Debug */,
				33653E801E9EDFD5007523F7 /* Release */,
			);
			defaultConfigurationIsVisible = 0;
			defaultConfigurationName = Release;
		};
		33653E811E9EDFD5007523F7 /* Build configuration list for PBXNativeTarget "BlissRecruitment" */ = {
			isa = XCConfigurationList;
			buildConfigurations = (
				33653E821E9EDFD5007523F7 /* Debug */,
				33653E831E9EDFD5007523F7 /* Release */,
			);
			defaultConfigurationIsVisible = 0;
			defaultConfigurationName = Release;
		};
/* End XCConfigurationList section */
	};
	rootObject = 33653E671E9EDFD5007523F7 /* Project object */;
}
